# The model lock: RESOLUTION, written only by `seldon models refresh` (AD-035 R1, R2).
# Never edit by hand. Intent is in registry.yaml; this file is what the newest CLI's
# own alias resolver served, one probe per family, with the evidence file named below.
schema: 1
resolved_on: '2026-10-11'
resolved_at: '2026-10-11T03:53:06.515297Z'
cli:
  version: 2.1.296
  path: /Users/brock/.local/share/seldon/claude-cli/2.1.296/node_modules/.bin/claude
  npm_package: '@anthropic-ai/claude-code'
families:
  fable:
    alias: fable
    model: claude-fable-5-1
  opus:
    alias: opus
    model: claude-opus-5-5
  sonnet:
    alias: sonnet
    model: claude-sonnet-5-5
  haiku:
    alias: haiku
    model: claude-haiku-5-5
documented_default_effort:
  source: https://code.claude.com/docs/en/model-config
  retrieved: '2026-10-09'
  families:
    fable:
      effort: high
      documented_for: claude-fable-5-1
      current: true
    haiku:
      effort: medium
      documented_for: claude-haiku-5-5
      current: true
    opus:
      effort: medium
      documented_for: claude-opus-5-5
      current: true
    sonnet:
      effort: medium
      documented_for: claude-sonnet-5-5
      current: true
evidence: docs/evidence/model001/refresh_2026-10-11.json
